
Microsoft Visual Studio Solution File, Format Version 12.00
# Visual Studio Version 16
VisualStudioVersion = 16.0.30225.117
MinimumVisualStudioVersion = 10.0.40219.1
Project("{FAE04EC0-301F-11D3-BF4B-00C04F79EFBC}") = "BlazorAppWebApi", "BlazorAppWebApi\BlazorAppWebApi.csproj", "{4A059322-8E8A-45FF-8B7F-403913F00BF2}"
EndProject
Global
	GlobalSection(SolutionConfigurationPlatforms) = preSolution
		Debug|Any CPU = Debug|Any CPU
		Release|Any CPU = Release|Any CPU
	EndGlobalSection
	GlobalSection(ProjectConfigurationPlatforms) = postSolution
		{4A059322-8E8A-45FF-8B7F-403913F00BF2}.Debug|Any CPU.ActiveCfg = Debug|Any CPU
		{4A059322-8E8A-45FF-8B7F-403913F00BF2}.Debug|Any CPU.Build.0 = Debug|Any CPU
		{4A059322-8E8A-45FF-8B7F-403913F00BF2}.Release|Any CPU.ActiveCfg = Release|Any CPU
		{4A059322-8E8A-45FF-8B7F-403913F00BF2}.Release|Any CPU.Build.0 = Release|Any CPU
	EndGlobalSection
	GlobalSection(SolutionProperties) = preSolution
		HideSolutionNode = FALSE
	EndGlobalSection
	GlobalSection(ExtensibilityGlobals) = postSolution
		SolutionGuid = {46567F2D-D5F2-415E-B1E8-CF6892720F80}
	EndGlobalSection
	GlobalSection(TeamFoundationVersionControl) = preSolution
		SccNumberOfProjects = 2
		SccEnterpriseProvider = {4CA58AB2-18FA-4F8D-95D4-32DDF27D184C}
		SccTeamFoundationServer = https://chanmmn.visualstudio.com/
		SccLocalPath0 = .
		SccProjectUniqueName1 = BlazorAppWebApi\\BlazorAppWebApi.csproj
		SccProjectName1 = BlazorAppWebApi
		SccLocalPath1 = BlazorAppWebApi
	EndGlobalSection
EndGlobal
